// !$*UTF8*$!
{
	archiveVersion = 1;
	classes = {
	};
	objectVersion = 77;
	objects = {

/* Begin PBXBuildFile section */
		7A4136BB2F82E66F005940E0 /* WATCH-CREWBOSS Watch App.app in Embed Watch Content */ = {isa = PBXBuildFile; fileRef = 7A41369B2F82E669005940E0 /* WATCH-CREWBOSS Watch App.app */; settings = {ATTRIBUTES = (RemoveHeadersOnCopy, ); }; };
/* End PBXBuildFile section */

/* Begin PBXContainerItemProxy section */
		7A41360D2F8177BE005940E0 /* PBXContainerItemProxy */ = {
			isa = PBXContainerItemProxy;
			containerPortal = 7A4135F52F8177BC005940E0 /* Project object */;
			proxyType = 1;
			remoteGlobalIDString = 7A4135FC2F8177BC005940E0;
			remoteInfo = CREWBOSS;
		};
		7A4136172F8177BF005940E0 /* PBXContainerItemProxy */ = {
			isa = PBXContainerItemProxy;
			containerPortal = 7A4135F52F8177BC005940E0 /* Project object */;
			proxyType = 1;
			remoteGlobalIDString = 7A4135FC2F8177BC005940E0;
			remoteInfo = CREWBOSS;
		};
		7A4136A82F82E66E005940E0 /* PBXContainerItemProxy */ = {
			isa = PBXContainerItemProxy;
			containerPortal = 7A4135F52F8177BC005940E0 /* Project object */;
			proxyType = 1;
			remoteGlobalIDString = 7A41369A2F82E669005940E0;
			remoteInfo = "WATCH-CREWBOSS Watch App";
		};
		7A4136B22F82E66F005940E0 /* PBXContainerItemProxy */ = {
			isa = PBXContainerItemProxy;
			containerPortal = 7A4135F52F8177BC005940E0 /* Project object */;
			proxyType = 1;
			remoteGlobalIDString = 7A41369A2F82E669005940E0;
			remoteInfo = "WATCH-CREWBOSS Watch App";
		};
		7A4136B92F82E66F005940E0 /* PBXContainerItemProxy */ = {
			isa = PBXContainerItemProxy;
			containerPortal = 7A4135F52F8177BC005940E0 /* Project object */;
			proxyType = 1;
			remoteGlobalIDString = 7A41369A2F82E669005940E0;
			remoteInfo = "WATCH-CREWBOSS Watch App";
		};
/* End PBXContainerItemProxy section */

/* Begin PBXCopyFilesBuildPhase section */
		7A4136BC2F82E66F005940E0 /* Embed Watch Content */ = {
			isa = PBXCopyFilesBuildPhase;
			buildActionMask = 2147483647;
			dstPath = "$(CONTENTS_FOLDER_PATH)/Watch";
			dstSubfolderSpec = 16;
			files = (
				7A4136BB2F82E66F005940E0 /* WATCH-CREWBOSS Watch App.app in Embed Watch Content */,
			);
			name = "Embed Watch Content";
			runOnlyForDeploymentPostprocessing = 0;
		};
/* End PBXCopyFilesBuildPhase section */

/* Begin PBXFileReference section */
		7A4135FD2F8177BC005940E0 /* CREWBOSS.app */ = {isa = PBXFileReference; explicitFileType = wrapper.application; includeInIndex = 0; path = CREWBOSS.app; sourceTree = BUILT_PRODUCTS_DIR; };
		7A41360C2F8177BE005940E0 /* CREWBOSSTests.xctest */ = {isa = PBXFileReference; explicitFileType = wrapper.cfbundle; includeInIndex = 0; path = CREWBOSSTests.xctest; sourceTree = BUILT_PRODUCTS_DIR; };
		7A4136162F8177BF005940E0 /* CREWBOSSUITests.xctest */ = {isa = PBXFileReference; explicitFileType = wrapper.cfbundle; includeInIndex = 0; path = CREWBOSSUITests.xctest; sourceTree = BUILT_PRODUCTS_DIR; };
		7A41369B2F82E669005940E0 /* WATCH-CREWBOSS Watch App.app */ = {isa = PBXFileReference; explicitFileType = wrapper.application; includeInIndex = 0; path = "WATCH-CREWBOSS Watch App.app"; sourceTree = BUILT_PRODUCTS_DIR; };
		7A4136A72F82E66E005940E0 /* WATCH-CREWBOSS Watch AppTests.xctest */ = {isa = PBXFileReference; explicitFileType = wrapper.cfbundle; includeInIndex = 0; path = "WATCH-CREWBOSS Watch AppTests.xctest"; sourceTree = BUILT_PRODUCTS_DIR; };
		7A4136B12F82E66F005940E0 /* WATCH-CREWBOSS Watch AppUITests.xctest */ = {isa = PBXFileReference; explicitFileType = wrapper.cfbundle; includeInIndex = 0; path = "WATCH-CREWBOSS Watch AppUITests.xctest"; sourceTree = BUILT_PRODUCTS_DIR; };
/* End PBXFileReference section */

/* Begin PBXFileSystemSynchronizedRootGroup section */
		7A4135FF2F8177BC005940E0 /* CREWBOSS */ = {
			isa = PBXFileSystemSynchronizedRootGroup;
			path = CREWBOSS;
			sourceTree = "<group>";
		};
		7A41360F2F8177BE005940E0 /* CREWBOSSTests */ = {
			isa = PBXFileSystemSynchronizedRootGroup;
			path = CREWBOSSTests;
			sourceTree = "<group>";
		};
		7A4136192F8177BF005940E0 /* CREWBOSSUITests */ = {
			isa = PBXFileSystemSynchronizedRootGroup;
			path = CREWBOSSUITests;
			sourceTree = "<group>";
		};
		7A41369C2F82E669005940E0 /* WATCH-CREWBOSS Watch App */ = {
			isa = PBXFileSystemSynchronizedRootGroup;
			path = "WATCH-CREWBOSS Watch App";
			sourceTree = "<group>";
		};
		7A4136AA2F82E66E005940E0 /* WATCH-CREWBOSS Watch AppTests */ = {
			isa = PBXFileSystemSynchronizedRootGroup;
			path = "WATCH-CREWBOSS Watch AppTests";
			sourceTree = "<group>";
		};
		7A4136B42F82E66F005940E0 /* WATCH-CREWBOSS Watch AppUITests */ = {
			isa = PBXFileSystemSynchronizedRootGroup;
			path = "WATCH-CREWBOSS Watch AppUITests";
			sourceTree = "<group>";
		};
/* End PBXFileSystemSynchronizedRootGroup section */

/* Begin PBXFrameworksBuildPhase section */
		7A4135FA2F8177BC005940E0 /* Frameworks */ = {
			isa = PBXFrameworksBuildPhase;
			buildActionMask = 2147483647;
			files = (
			);
			runOnlyForDeploymentPostprocessing = 0;
		};
		7A4136092F8177BE005940E0 /* Frameworks */ = {
			isa = PBXFrameworksBuildPhase;
			buildActionMask = 2147483647;
			files = (
			);
			runOnlyForDeploymentPostprocessing = 0;
		};
		7A4136132F8177BF005940E0 /* Frameworks */ = {
			isa = PBXFrameworksBuildPhase;
			buildActionMask = 2147483647;
			files = (
			);
			runOnlyForDeploymentPostprocessing = 0;
		};
		7A4136982F82E669005940E0 /* Frameworks */ = {
			isa = PBXFrameworksBuildPhase;
			buildActionMask = 2147483647;
			files = (
			);
			runOnlyForDeploymentPostprocessing = 0;
		};
		7A4136A42F82E66E005940E0 /* Frameworks */ = {
			isa = PBXFrameworksBuildPhase;
			buildActionMask = 2147483647;
			files = (
			);
			runOnlyForDeploymentPostprocessing = 0;
		};
		7A4136AE2F82E66F005940E0 /* Frameworks */ = {
			isa = PBXFrameworksBuildPhase;
			buildActionMask = 2147483647;
			files = (
			);
			runOnlyForDeploymentPostprocessing = 0;
		};
/* End PBXFrameworksBuildPhase section */

/* Begin PBXGroup section */
		7A4135F42F8177BC005940E0 = {
			isa = PBXGroup;
			children = (
				7A4135FF2F8177BC005940E0 /* CREWBOSS */,
				7A41360F2F8177BE005940E0 /* CREWBOSSTests */,
				7A4136192F8177BF005940E0 /* CREWBOSSUITests */,
				7A41369C2F82E669005940E0 /* WATCH-CREWBOSS Watch App */,
				7A4136AA2F82E66E005940E0 /* WATCH-CREWBOSS Watch AppTests */,
				7A4136B42F82E66F005940E0 /* WATCH-CREWBOSS Watch AppUITests */,
				7A4135FE2F8177BC005940E0 /* Products */,
			);
			sourceTree = "<group>";
		};
		7A4135FE2F8177BC005940E0 /* Products */ = {
			isa = PBXGroup;
			children = (
				7A4135FD2F8177BC005940E0 /* CREWBOSS.app */,
				7A41360C2F8177BE005940E0 /* CREWBOSSTests.xctest */,
				7A4136162F8177BF005940E0 /* CREWBOSSUITests.xctest */,
				7A41369B2F82E669005940E0 /* WATCH-CREWBOSS Watch App.app */,
				7A4136A72F82E66E005940E0 /* WATCH-CREWBOSS Watch AppTests.xctest */,
				7A4136B12F82E66F005940E0 /* WATCH-CREWBOSS Watch AppUITests.xctest */,
			);
			name = Products;
			sourceTree = "<group>";
		};
/* End PBXGroup section */

/* Begin PBXNativeTarget section */
		7A4135FC2F8177BC005940E0 /* CREWBOSS */ = {
			isa = PBXNativeTarget;
			buildConfigurationList = 7A4136202F8177BF005940E0 /* Build configuration list for PBXNativeTarget "CREWBOSS" */;
			buildPhases = (
				7A4135F92F8177BC005940E0 /* Sources */,
				7A4135FA2F8177BC005940E0 /* Frameworks */,
				7A4135FB2F8177BC005940E0 /* Resources */,
				7A4136BC2F82E66F005940E0 /* Embed Watch Content */,
			);
			buildRules = (
			);
			dependencies = (
				7A4136BA2F82E66F005940E0 /* PBXTargetDependency */,
			);
			fileSystemSynchronizedGroups = (
				7A4135FF2F8177BC005940E0 /* CREWBOSS */,
			);
			name = CREWBOSS;
			packageProductDependencies = (
			);
			productName = CREWBOSS;
			productReference = 7A4135FD2F8177BC005940E0 /* CREWBOSS.app */;
			productType = "com.apple.product-type.application";
		};
		7A41360B2F8177BE005940E0 /* CREWBOSSTests */ = {
			isa = PBXNativeTarget;
			buildConfigurationList = 7A4136232F8177BF005940E0 /* Build configuration list for PBXNativeTarget "CREWBOSSTests" */;
			buildPhases = (
				7A4136082F8177BE005940E0 /* Sources */,
				7A4136092F8177BE005940E0 /* Frameworks */,
				7A41360A2F8177BE005940E0 /* Resources */,
			);
			buildRules = (
			);
			dependencies = (
				7A41360E2F8177BE005940E0 /* PBXTargetDependency */,
			);
			fileSystemSynchronizedGroups = (
				7A41360F2F8177BE005940E0 /* CREWBOSSTests */,
			);
			name = CREWBOSSTests;
			packageProductDependencies = (
			);
			productName = CREWBOSSTests;
			productReference = 7A41360C2F8177BE005940E0 /* CREWBOSSTests.xctest */;
			productType = "com.apple.product-type.bundle.unit-test";
		};
		7A4136152F8177BF005940E0 /* CREWBOSSUITests */ = {
			isa = PBXNativeTarget;
			buildConfigurationList = 7A4136262F8177BF005940E0 /* Build configuration list for PBXNativeTarget "CREWBOSSUITests" */;
			buildPhases = (
				7A4136122F8177BF005940E0 /* Sources */,
				7A4136132F8177BF005940E0 /* Frameworks */,
				7A4136142F8177BF005940E0 /* Resources */,
			);
			buildRules = (
			);
			dependencies = (
				7A4136182F8177BF005940E0 /* PBXTargetDependency */,
			);
			fileSystemSynchronizedGroups = (
				7A4136192F8177BF005940E0 /* CREWBOSSUITests */,
			);
			name = CREWBOSSUITests;
			packageProductDependencies = (
			);
			productName = CREWBOSSUITests;
			productReference = 7A4136162F8177BF005940E0 /* CREWBOSSUITests.xctest */;
			productType = "com.apple.product-type.bundle.ui-testing";
		};
		7A41369A2F82E669005940E0 /* WATCH-CREWBOSS Watch App */ = {
			isa = PBXNativeTarget;
			buildConfigurationList = 7A4136C32F82E66F005940E0 /* Build configuration list for PBXNativeTarget "WATCH-CREWBOSS Watch App" */;
			buildPhases = (
				7A4136972F82E669005940E0 /* Sources */,
				7A4136982F82E669005940E0 /* Frameworks */,
				7A4136992F82E669005940E0 /* Resources */,
			);
			buildRules = (
			);
			dependencies = (
			);
			fileSystemSynchronizedGroups = (
				7A41369C2F82E669005940E0 /* WATCH-CREWBOSS Watch App */,
			);
			name = "WATCH-CREWBOSS Watch App";
			packageProductDependencies = (
			);
			productName = "WATCH-CREWBOSS Watch App";
			productReference = 7A41369B2F82E669005940E0 /* WATCH-CREWBOSS Watch App.app */;
			productType = "com.apple.product-type.application";
		};
		7A4136A62F82E66E005940E0 /* WATCH-CREWBOSS Watch AppTests */ = {
			isa = PBXNativeTarget;
			buildConfigurationList = 7A4136C42F82E66F005940E0 /* Build configuration list for PBXNativeTarget "WATCH-CREWBOSS Watch AppTests" */;
			buildPhases = (
				7A4136A32F82E66E005940E0 /* Sources */,
				7A4136A42F82E66E005940E0 /* Frameworks */,
				7A4136A52F82E66E005940E0 /* Resources */,
			);
			buildRules = (
			);
			dependencies = (
				7A4136A92F82E66E005940E0 /* PBXTargetDependency */,
			);
			fileSystemSynchronizedGroups = (
				7A4136AA2F82E66E005940E0 /* WATCH-CREWBOSS Watch AppTests */,
			);
			name = "WATCH-CREWBOSS Watch AppTests";
			packageProductDependencies = (
			);
			productName = "WATCH-CREWBOSS Watch AppTests";
			productReference = 7A4136A72F82E66E005940E0 /* WATCH-CREWBOSS Watch AppTests.xctest */;
			productType = "com.apple.product-type.bundle.unit-test";
		};
		7A4136B02F82E66F005940E0 /* WATCH-CREWBOSS Watch AppUITests */ = {
			isa = PBXNativeTarget;
			buildConfigurationList = 7A4136C52F82E66F005940E0 /* Build configuration list for PBXNativeTarget "WATCH-CREWBOSS Watch AppUITests" */;
			buildPhases = (
				7A4136AD2F82E66F005940E0 /* Sources */,
				7A4136AE2F82E66F005940E0 /* Frameworks */,
				7A4136AF2F82E66F005940E0 /* Resources */,
			);
			buildRules = (
			);
			dependencies = (
				7A4136B32F82E66F005940E0 /* PBXTargetDependency */,
			);
			fileSystemSynchronizedGroups = (
				7A4136B42F82E66F005940E0 /* WATCH-CREWBOSS Watch AppUITests */,
			);
			name = "WATCH-CREWBOSS Watch AppUITests";
			packageProductDependencies = (
			);
			productName = "WATCH-CREWBOSS Watch AppUITests";
			productReference = 7A4136B12F82E66F005940E0 /* WATCH-CREWBOSS Watch AppUITests.xctest */;
			productType = "com.apple.product-type.bundle.ui-testing";
		};
/* End PBXNativeTarget section */

/* Begin PBXProject section */
		7A4135F52F8177BC005940E0 /* Project object */ = {
			isa = PBXProject;
			attributes = {
				BuildIndependentTargetsInParallel = 1;
				LastSwiftUpdateCheck = 1640;
				LastUpgradeCheck = 1640;
				TargetAttributes = {
					7A4135FC2F8177BC005940E0 = {
						CreatedOnToolsVersion = 16.4;
					};
					7A41360B2F8177BE005940E0 = {
						CreatedOnToolsVersion = 16.4;
						TestTargetID = 7A4135FC2F8177BC005940E0;
					};
					7A4136152F8177BF005940E0 = {
						CreatedOnToolsVersion = 16.4;
						TestTargetID = 7A4135FC2F8177BC005940E0;
					};
					7A41369A2F82E669005940E0 = {
						CreatedOnToolsVersion = 16.4;
					};
					7A4136A62F82E66E005940E0 = {
						CreatedOnToolsVersion = 16.4;
						TestTargetID = 7A41369A2F82E669005940E0;
					};
					7A4136B02F82E66F005940E0 = {
						CreatedOnToolsVersion = 16.4;
						TestTargetID = 7A41369A2F82E669005940E0;
					};
				};
			};
			buildConfigurationList = 7A4135F82F8177BC005940E0 /* Build configuration list for PBXProject "CREWBOSS" */;
			developmentRegion = en;
			hasScannedForEncodings = 0;
			knownRegions = (
				en,
				Base,
			);
			mainGroup = 7A4135F42F8177BC005940E0;
			minimizedProjectReferenceProxies = 1;
			preferredProjectObjectVersion = 77;
			productRefGroup = 7A4135FE2F8177BC005940E0 /* Products */;
			projectDirPath = "";
			projectRoot = "";
			targets = (
				7A4135FC2F8177BC005940E0 /* CREWBOSS */,
				7A41360B2F8177BE005940E0 /* CREWBOSSTests */,
				7A4136152F8177BF005940E0 /* CREWBOSSUITests */,
				7A41369A2F82E669005940E0 /* WATCH-CREWBOSS Watch App */,
				7A4136A62F82E66E005940E0 /* WATCH-CREWBOSS Watch AppTests */,
				7A4136B02F82E66F005940E0 /* WATCH-CREWBOSS Watch AppUITests */,
			);
		};
/* End PBXProject section */

/* Begin PBXResourcesBuildPhase section */
		7A4135FB2F8177BC005940E0 /* Resources */ = {
			isa = PBXResourcesBuildPhase;
			buildActionMask = 2147483647;
			files = (
			);
			runOnlyForDeploymentPostprocessing = 0;
		};
		7A41360A2F8177BE005940E0 /* Resources */ = {
			isa = PBXResourcesBuildPhase;
			buildActionMask = 2147483647;
			files = (
			);
			runOnlyForDeploymentPostprocessing = 0;
		};
		7A4136142F8177BF005940E0 /* Resources */ = {
			isa = PBXResourcesBuildPhase;
			buildActionMask = 2147483647;
			files = (
			);
			runOnlyForDeploymentPostprocessing = 0;
		};
		7A4136992F82E669005940E0 /* Resources */ = {
			isa = PBXResourcesBuildPhase;
			buildActionMask = 2147483647;
			files = (
			);
			runOnlyForDeploymentPostprocessing = 0;
		};
		7A4136A52F82E66E005940E0 /* Resources */ = {
			isa = PBXResourcesBuildPhase;
			buildActionMask = 2147483647;
			files = (
			);
			runOnlyForDeploymentPostprocessing = 0;
		};
		7A4136AF2F82E66F005940E0 /* Resources */ = {
			isa = PBXResourcesBuildPhase;
			buildActionMask = 2147483647;
			files = (
			);
			runOnlyForDeploymentPostprocessing = 0;
		};
/* End PBXResourcesBuildPhase section */

/* Begin PBXSourcesBuildPhase section */
		7A4135F92F8177BC005940E0 /* Sources */ = {
			isa = PBXSourcesBuildPhase;
			buildActionMask = 2147483647;
			files = (
			);
			runOnlyForDeploymentPostprocessing = 0;
		};
		7A4136082F8177BE005940E0 /* Sources */ = {
			isa = PBXSourcesBuildPhase;
			buildActionMask = 2147483647;
			files = (
			);
			runOnlyForDeploymentPostprocessing = 0;
		};
		7A4136122F8177BF005940E0 /* Sources */ = {
			isa = PBXSourcesBuildPhase;
			buildActionMask = 2147483647;
			files = (
			);
			runOnlyForDeploymentPostprocessing = 0;
		};
		7A4136972F82E669005940E0 /* Sources */ = {
			isa = PBXSourcesBuildPhase;
			buildActionMask = 2147483647;
			files = (
			);
			runOnlyForDeploymentPostprocessing = 0;
		};
		7A4136A32F82E66E005940E0 /* Sources */ = {
			isa = PBXSourcesBuildPhase;
			buildActionMask = 2147483647;
			files = (
			);
			runOnlyForDeploymentPostprocessing = 0;
		};
		7A4136AD2F82E66F005940E0 /* Sources */ = {
			isa = PBXSourcesBuildPhase;
			buildActionMask = 2147483647;
			files = (
			);
			runOnlyForDeploymentPostprocessing = 0;
		};
/* End PBXSourcesBuildPhase section */

/* Begin PBXTargetDependency section */
		7A41360E2F8177BE005940E0 /* PBXTargetDependency */ = {
			isa = PBXTargetDependency;
			target = 7A4135FC2F8177BC005940E0 /* CREWBOSS */;
			targetProxy = 7A41360D2F8177BE005940E0 /* PBXContainerItemProxy */;
		};
		7A4136182F8177BF005940E0 /* PBXTargetDependency */ = {
			isa = PBXTargetDependency;
			target = 7A4135FC2F8177BC005940E0 /* CREWBOSS */;
			targetProxy = 7A4136172F8177BF005940E0 /* PBXContainerItemProxy */;
		};
		7A4136A92F82E66E005940E0 /* PBXTargetDependency */ = {
			isa = PBXTargetDependency;
			target = 7A41369A2F82E669005940E0 /* WATCH-CREWBOSS Watch App */;
			targetProxy = 7A4136A82F82E66E005940E0 /* PBXContainerItemProxy */;
		};
		7A4136B32F82E66F005940E0 /* PBXTargetDependency */ = {
			isa = PBXTargetDependency;
			target = 7A41369A2F82E669005940E0 /* WATCH-CREWBOSS Watch App */;
			targetProxy = 7A4136B22F82E66F005940E0 /* PBXContainerItemProxy */;
		};
		7A4136BA2F82E66F005940E0 /* PBXTargetDependency */ = {
			isa = PBXTargetDependency;
			target = 7A41369A2F82E669005940E0 /* WATCH-CREWBOSS Watch App */;
			targetProxy = 7A4136B92F82E66F005940E0 /* PBXContainerItemProxy */;
		};
/* End PBXTargetDependency section */

/* Begin XCBuildConfiguration section */
		7A41361E2F8177BF005940E0 /* Debug */ = {
			isa = XCBuildConfiguration;
			buildSettings = {
				ALWAYS_SEARCH_USER_PATHS = NO;
				ASSETCATALOG_COMPILER_GENERATE_SWIFT_ASSET_SYMBOL_EXTENSIONS = YES;
				CLANG_ANALYZER_NONNULL = YES;
				CLANG_ANALYZER_NUMBER_OBJECT_CONVERSION = YES_AGGRESSIVE;
				CLANG_CXX_LANGUAGE_STANDARD = "gnu++20";
				CLANG_ENABLE_MODULES = YES;
				CLANG_ENABLE_OBJC_ARC = YES;
				CLANG_ENABLE_OBJC_WEAK = YES;
				CLANG_WARN_BLOCK_CAPTURE_AUTORELEASING = YES;
				CLANG_WARN_BOOL_CONVERSION = YES;
				CLANG_WARN_COMMA = YES;
				CLANG_WARN_CONSTANT_CONVERSION = YES;
				CLANG_WARN_DEPRECATED_OBJC_IMPLEMENTATIONS = YES;
				CLANG_WARN_DIRECT_OBJC_ISA_USAGE = YES_ERROR;
				CLANG_WARN_DOCUMENTATION_COMMENTS = YES;
				CLANG_WARN_EMPTY_BODY = YES;
				CLANG_WARN_ENUM_CONVERSION = YES;
				CLANG_WARN_INFINITE_RECURSION = YES;
				CLANG_WARN_INT_CONVERSION = YES;
				CLANG_WARN_NON_LITERAL_NULL_CONVERSION = YES;
				CLANG_WARN_OBJC_IMPLICIT_RETAIN_SELF = YES;
				CLANG_WARN_OBJC_LITERAL_CONVERSION = YES;
				CLANG_WARN_OBJC_ROOT_CLASS = YES_ERROR;
				CLANG_WARN_QUOTED_INCLUDE_IN_FRAMEWORK_HEADER = YES;
				CLANG_WARN_RANGE_LOOP_ANALYSIS = YES;
				CLANG_WARN_STRICT_PROTOTYPES = YES;
				CLANG_WARN_SUSPICIOUS_MOVE = YES;
				CLANG_WARN_UNGUARDED_AVAILABILITY = YES_AGGRESSIVE;
				CLANG_WARN_UNREACHABLE_CODE = YES;
				CLANG_WARN__DUPLICATE_METHOD_MATCH = YES;
				COPY_PHASE_STRIP = NO;
				DEBUG_INFORMATION_FORMAT = dwarf;
				DEVELOPMENT_TEAM = 9HJ53KLL68;
				ENABLE_STRICT_OBJC_MSGSEND = YES;
				ENABLE_TESTABILITY = YES;
				ENABLE_USER_SCRIPT_SANDBOXING = YES;
				GCC_C_LANGUAGE_STANDARD = gnu17;
				GCC_DYNAMIC_NO_PIC = NO;
				GCC_NO_COMMON_BLOCKS = YES;
				GCC_OPTIMIZATION_LEVEL = 0;
				GCC_PREPROCESSOR_DEFINITIONS = (
					"DEBUG=1",
					"$(inherited)",
				);
				GCC_WARN_64_TO_32_BIT_CONVERSION = YES;
				GCC_WARN_ABOUT_RETURN_TYPE = YES_ERROR;
				GCC_WARN_UNDECLARED_SELECTOR = YES;
				GCC_WARN_UNINITIALIZED_AUTOS = YES_AGGRESSIVE;
				GCC_WARN_UNUSED_FUNCTION = YES;
				GCC_WARN_UNUSED_VARIABLE = YES;
				IPHONEOS_DEPLOYMENT_TARGET = 18.5;
				LOCALIZATION_PREFERS_STRING_CATALOGS = YES;
				MTL_ENABLE_DEBUG_INFO = INCLUDE_SOURCE;
				MTL_FAST_MATH = YES;
				ONLY_ACTIVE_ARCH = YES;
				SDKROOT = iphoneos;
				SWIFT_ACTIVE_COMPILATION_CONDITIONS = "DEBUG $(inherited)";
				SWIFT_OPTIMIZATION_LEVEL = "-Onone";
			};
			name = Debug;
		};
		7A41361F2F8177BF005940E0 /* Release */ = {
			isa = XCBuildConfiguration;
			buildSettings = {
				ALWAYS_SEARCH_USER_PATHS = NO;
				ASSETCATALOG_COMPILER_GENERATE_SWIFT_ASSET_SYMBOL_EXTENSIONS = YES;
				CLANG_ANALYZER_NONNULL = YES;
				CLANG_ANALYZER_NUMBER_OBJECT_CONVERSION = YES_AGGRESSIVE;
				CLANG_CXX_LANGUAGE_STANDARD = "gnu++20";
				CLANG_ENABLE_MODULES = YES;
				CLANG_ENABLE_OBJC_ARC = YES;
				CLANG_ENABLE_OBJC_WEAK = YES;
				CLANG_WARN_BLOCK_CAPTURE_AUTORELEASING = YES;
				CLANG_WARN_BOOL_CONVERSION = YES;
				CLANG_WARN_COMMA = YES;
				CLANG_WARN_CONSTANT_CONVERSION = YES;
				CLANG_WARN_DEPRECATED_OBJC_IMPLEMENTATIONS = YES;
				CLANG_WARN_DIRECT_OBJC_ISA_USAGE = YES_ERROR;
				CLANG_WARN_DOCUMENTATION_COMMENTS = YES;
				CLANG_WARN_EMPTY_BODY = YES;
				CLANG_WARN_ENUM_CONVERSION = YES;
				CLANG_WARN_INFINITE_RECURSION = YES;
				CLANG_WARN_INT_CONVERSION = YES;
				CLANG_WARN_NON_LITERAL_NULL_CONVERSION = YES;
				CLANG_WARN_OBJC_IMPLICIT_RETAIN_SELF = YES;
				CLANG_WARN_OBJC_LITERAL_CONVERSION = YES;
				CLANG_WARN_OBJC_ROOT_CLASS = YES_ERROR;
				CLANG_WARN_QUOTED_INCLUDE_IN_FRAMEWORK_HEADER = YES;
				CLANG_WARN_RANGE_LOOP_ANALYSIS = YES;
				CLANG_WARN_STRICT_PROTOTYPES = YES;
				CLANG_WARN_SUSPICIOUS_MOVE = YES;
				CLANG_WARN_UNGUARDED_AVAILABILITY = YES_AGGRESSIVE;
				CLANG_WARN_UNREACHABLE_CODE = YES;
				CLANG_WARN__DUPLICATE_METHOD_MATCH = YES;
				COPY_PHASE_STRIP = NO;
				DEBUG_INFORMATION_FORMAT = "dwarf-with-dsym";
				DEVELOPMENT_TEAM = 9HJ53KLL68;
				ENABLE_NS_ASSERTIONS = NO;
				ENABLE_STRICT_OBJC_MSGSEND = YES;
				ENABLE_USER_SCRIPT_SANDBOXING = YES;
				GCC_C_LANGUAGE_STANDARD = gnu17;
				GCC_NO_COMMON_BLOCKS = YES;
				GCC_WARN_64_TO_32_BIT_CONVERSION = YES;
				GCC_WARN_ABOUT_RETURN_TYPE = YES_ERROR;
				GCC_WARN_UNDECLARED_SELECTOR = YES;
				GCC_WARN_UNINITIALIZED_AUTOS = YES_AGGRESSIVE;
				GCC_WARN_UNUSED_FUNCTION = YES;
				GCC_WARN_UNUSED_VARIABLE = YES;
				IPHONEOS_DEPLOYMENT_TARGET = 18.5;
				LOCALIZATION_PREFERS_STRING_CATALOGS = YES;
				MTL_ENABLE_DEBUG_INFO = NO;
				MTL_FAST_MATH = YES;
				SDKROOT = iphoneos;
				SWIFT_COMPILATION_MODE = wholemodule;
				VALIDATE_PRODUCT = YES;
			};
			name = Release;
		};
		7A4136212F8177BF005940E0 /* Debug */ = {
			isa = XCBuildConfiguration;
			buildSettings = {
				ASSETCATALOG_COMPILER_APPICON_NAME = AppIcon;
				ASSETCATALOG_COMPILER_GLOBAL_ACCENT_COLOR_NAME = AccentColor;
				CODE_SIGN_ENTITLEMENTS = CREWBOSS/CREWBOSS.entitlements;
				CODE_SIGN_STYLE = Automatic;
				CURRENT_PROJECT_VERSION = 1;
				DEVELOPMENT_TEAM = 9HJ53KLL68;
				ENABLE_PREVIEWS = YES;
				GENERATE_INFOPLIST_FILE = YES;
				INFOPLIST_KEY_CFBundleDisplayName = CREWBOSS;
				INFOPLIST_KEY_LSApplicationCategoryType = "public.app-category.business";
				INFOPLIST_KEY_UIApplicationSceneManifest_Generation = YES;
				INFOPLIST_KEY_UIApplicationSupportsIndirectInputEvents = YES;
				INFOPLIST_KEY_UILaunchScreen_Generation = YES;
				INFOPLIST_KEY_UISupportedInterfaceOrientations_iPad = "UIInterfaceOrientationPortrait UIInterfaceOrientationPortraitUpsideDown UIInterfaceOrientationLandscapeLeft UIInterfaceOrientationLandscapeRight";
				INFOPLIST_KEY_UISupportedInterfaceOrientations_iPhone = "UIInterfaceOrientationPortrait UIInterfaceOrientationLandscapeLeft UIInterfaceOrientationLandscapeRight";
				LD_RUNPATH_SEARCH_PATHS = (
					"$(inherited)",
					"@executable_path/Frameworks",
				);
				MARKETING_VERSION = 1.0;
				PRODUCT_BUNDLE_IDENTIFIER = SENSARO.CREWBOSS;
				PRODUCT_NAME = "$(TARGET_NAME)";
				SWIFT_EMIT_LOC_STRINGS = YES;
				SWIFT_VERSION = 5.0;
				TARGETED_DEVICE_FAMILY = "1,2";
			};
			name = Debug;
		};
		7A4136222F8177BF005940E0 /* Release */ = {
			isa = XCBuildConfiguration;
			buildSettings = {
				ASSETCATALOG_COMPILER_APPICON_NAME = AppIcon;
				ASSETCATALOG_COMPILER_GLOBAL_ACCENT_COLOR_NAME = AccentColor;
				CODE_SIGN_ENTITLEMENTS = CREWBOSS/CREWBOSS.entitlements;
				CODE_SIGN_STYLE = Automatic;
				CURRENT_PROJECT_VERSION = 1;
				DEVELOPMENT_TEAM = 9HJ53KLL68;
				ENABLE_PREVIEWS = YES;
				GENERATE_INFOPLIST_FILE = YES;
				INFOPLIST_KEY_CFBundleDisplayName = CREWBOSS;
				INFOPLIST_KEY_LSApplicationCategoryType = "public.app-category.business";
				INFOPLIST_KEY_UIApplicationSceneManifest_Generation = YES;
				INFOPLIST_KEY_UIApplicationSupportsIndirectInputEvents = YES;
				INFOPLIST_KEY_UILaunchScreen_Generation = YES;
				INFOPLIST_KEY_UISupportedInterfaceOrientations_iPad = "UIInterfaceOrientationPortrait UIInterfaceOrientationPortraitUpsideDown UIInterfaceOrientationLandscapeLeft UIInterfaceOrientationLandscapeRight";
				INFOPLIST_KEY_UISupportedInterfaceOrientations_iPhone = "UIInterfaceOrientationPortrait UIInterfaceOrientationLandscapeLeft UIInterfaceOrientationLandscapeRight";
				LD_RUNPATH_SEARCH_PATHS = (
					"$(inherited)",
					"@executable_path/Frameworks",
				);
				MARKETING_VERSION = 1.0;
				PRODUCT_BUNDLE_IDENTIFIER = SENSARO.CREWBOSS;
				PRODUCT_NAME = "$(TARGET_NAME)";
				SWIFT_EMIT_LOC_STRINGS = YES;
				SWIFT_VERSION = 5.0;
				TARGETED_DEVICE_FAMILY = "1,2";
			};
			name = Release;
		};
		7A4136242F8177BF005940E0 /* Debug */ = {
			isa = XCBuildConfiguration;
			buildSettings = {
				BUNDLE_LOADER = "$(TEST_HOST)";
				CODE_SIGN_STYLE = Automatic;
				CURRENT_PROJECT_VERSION = 1;
				DEVELOPMENT_TEAM = 9HJ53KLL68;
				GENERATE_INFOPLIST_FILE = YES;
				IPHONEOS_DEPLOYMENT_TARGET = 18.5;
				MARKETING_VERSION = 1.0;
				PRODUCT_BUNDLE_IDENTIFIER = SENSARO.CREWBOSSTests;
				PRODUCT_NAME = "$(TARGET_NAME)";
				SWIFT_EMIT_LOC_STRINGS = NO;
				SWIFT_VERSION = 5.0;
				TARGETED_DEVICE_FAMILY = "1,2";
				TEST_HOST = "$(BUILT_PRODUCTS_DIR)/CREWBOSS.app/$(BUNDLE_EXECUTABLE_FOLDER_PATH)/CREWBOSS";
			};
			name = Debug;
		};
		7A4136252F8177BF005940E0 /* Release */ = {
			isa = XCBuildConfiguration;
			buildSettings = {
				BUNDLE_LOADER = "$(TEST_HOST)";
				CODE_SIGN_STYLE = Automatic;
				CURRENT_PROJECT_VERSION = 1;
				DEVELOPMENT_TEAM = 9HJ53KLL68;
				GENERATE_INFOPLIST_FILE = YES;
				IPHONEOS_DEPLOYMENT_TARGET = 18.5;
				MARKETING_VERSION = 1.0;
				PRODUCT_BUNDLE_IDENTIFIER = SENSARO.CREWBOSSTests;
				PRODUCT_NAME = "$(TARGET_NAME)";
				SWIFT_EMIT_LOC_STRINGS = NO;
				SWIFT_VERSION = 5.0;
				TARGETED_DEVICE_FAMILY = "1,2";
				TEST_HOST = "$(BUILT_PRODUCTS_DIR)/CREWBOSS.app/$(BUNDLE_EXECUTABLE_FOLDER_PATH)/CREWBOSS";
			};
			name = Release;
		};
		7A4136272F8177BF005940E0 /* Debug */ = {
			isa = XCBuildConfiguration;
			buildSettings = {
				CODE_SIGN_STYLE = Automatic;
				CURRENT_PROJECT_VERSION = 1;
				DEVELOPMENT_TEAM = 9HJ53KLL68;
				GENERATE_INFOPLIST_FILE = YES;
				MARKETING_VERSION = 1.0;
				PRODUCT_BUNDLE_IDENTIFIER = SENSARO.CREWBOSSUITests;
				PRODUCT_NAME = "$(TARGET_NAME)";
				SWIFT_EMIT_LOC_STRINGS = NO;
				SWIFT_VERSION = 5.0;
				TARGETED_DEVICE_FAMILY = "1,2";
				TEST_TARGET_NAME = CREWBOSS;
			};
			name = Debug;
		};
		7A4136282F8177BF005940E0 /* Release */ = {
			isa = XCBuildConfiguration;
			buildSettings = {
				CODE_SIGN_STYLE = Automatic;
				CURRENT_PROJECT_VERSION = 1;
				DEVELOPMENT_TEAM = 9HJ53KLL68;
				GENERATE_INFOPLIST_FILE = YES;
				MARKETING_VERSION = 1.0;
				PRODUCT_BUNDLE_IDENTIFIER = SENSARO.CREWBOSSUITests;
				PRODUCT_NAME = "$(TARGET_NAME)";
				SWIFT_EMIT_LOC_STRINGS = NO;
				SWIFT_VERSION = 5.0;
				TARGETED_DEVICE_FAMILY = "1,2";
				TEST_TARGET_NAME = CREWBOSS;
			};
			name = Release;
		};
		7A4136BD2F82E66F005940E0 /* Debug */ = {
			isa = XCBuildConfiguration;
			buildSettings = {
				ASSETCATALOG_COMPILER_APPICON_NAME = AppIcon;
				ASSETCATALOG_COMPILER_GLOBAL_ACCENT_COLOR_NAME = AccentColor;
				CODE_SIGN_STYLE = Automatic;
				CURRENT_PROJECT_VERSION = 1;
				DEVELOPMENT_TEAM = 9HJ53KLL68;
				ENABLE_PREVIEWS = YES;
				GENERATE_INFOPLIST_FILE = YES;
				INFOPLIST_KEY_CFBundleDisplayName = "WATCH-CREWBOSS";
				INFOPLIST_KEY_UISupportedInterfaceOrientations = "UIInterfaceOrientationPortrait UIInterfaceOrientationPortraitUpsideDown";
				INFOPLIST_KEY_WKCompanionAppBundleIdentifier = SENSARO.CREWBOSS;
				LD_RUNPATH_SEARCH_PATHS = (
					"$(inherited)",
					"@executable_path/Frameworks",
				);
				MARKETING_VERSION = 1.0;
				PRODUCT_BUNDLE_IDENTIFIER = SENSARO.CREWBOSS.watchkitapp;
				PRODUCT_NAME = "$(TARGET_NAME)";
				SDKROOT = watchos;
				SKIP_INSTALL = YES;
				SWIFT_EMIT_LOC_STRINGS = YES;
				SWIFT_VERSION = 5.0;
				TARGETED_DEVICE_FAMILY = 4;
				WATCHOS_DEPLOYMENT_TARGET = 11.5;
			};
			name = Debug;
		};
		7A4136BE2F82E66F005940E0 /* Release */ = {
			isa = XCBuildConfiguration;
			buildSettings = {
				ASSETCATALOG_COMPILER_APPICON_NAME = AppIcon;
				ASSETCATALOG_COMPILER_GLOBAL_ACCENT_COLOR_NAME = AccentColor;
				CODE_SIGN_STYLE = Automatic;
				CURRENT_PROJECT_VERSION = 1;
				DEVELOPMENT_TEAM = 9HJ53KLL68;
				ENABLE_PREVIEWS = YES;
				GENERATE_INFOPLIST_FILE = YES;
				INFOPLIST_KEY_CFBundleDisplayName = "WATCH-CREWBOSS";
				INFOPLIST_KEY_UISupportedInterfaceOrientations = "UIInterfaceOrientationPortrait UIInterfaceOrientationPortraitUpsideDown";
				INFOPLIST_KEY_WKCompanionAppBundleIdentifier = SENSARO.CREWBOSS;
				LD_RUNPATH_SEARCH_PATHS = (
					"$(inherited)",
					"@executable_path/Frameworks",
				);
				MARKETING_VERSION = 1.0;
				PRODUCT_BUNDLE_IDENTIFIER = SENSARO.CREWBOSS.watchkitapp;
				PRODUCT_NAME = "$(TARGET_NAME)";
				SDKROOT = watchos;
				SKIP_INSTALL = YES;
				SWIFT_EMIT_LOC_STRINGS = YES;
				SWIFT_VERSION = 5.0;
				TARGETED_DEVICE_FAMILY = 4;
				WATCHOS_DEPLOYMENT_TARGET = 11.5;
			};
			name = Release;
		};
		7A4136BF2F82E66F005940E0 /* Debug */ = {
			isa = XCBuildConfiguration;
			buildSettings = {
				BUNDLE_LOADER = "$(TEST_HOST)";
				CODE_SIGN_STYLE = Automatic;
				CURRENT_PROJECT_VERSION = 1;
				DEVELOPMENT_TEAM = 9HJ53KLL68;
				GENERATE_INFOPLIST_FILE = YES;
				MARKETING_VERSION = 1.0;
				PRODUCT_BUNDLE_IDENTIFIER = "SENSARO.WATCH-CREWBOSS-Watch-AppTests";
				PRODUCT_NAME = "$(TARGET_NAME)";
				SDKROOT = watchos;
				SWIFT_EMIT_LOC_STRINGS = NO;
				SWIFT_VERSION = 5.0;
				TARGETED_DEVICE_FAMILY = 4;
				TEST_HOST = "$(BUILT_PRODUCTS_DIR)/WATCH-CREWBOSS Watch App.app/$(BUNDLE_EXECUTABLE_FOLDER_PATH)/WATCH-CREWBOSS Watch App";
				WATCHOS_DEPLOYMENT_TARGET = 11.5;
			};
			name = Debug;
		};
		7A4136C02F82E66F005940E0 /* Release */ = {
			isa = XCBuildConfiguration;
			buildSettings = {
				BUNDLE_LOADER = "$(TEST_HOST)";
				CODE_SIGN_STYLE = Automatic;
				CURRENT_PROJECT_VERSION = 1;
				DEVELOPMENT_TEAM = 9HJ53KLL68;
				GENERATE_INFOPLIST_FILE = YES;
				MARKETING_VERSION = 1.0;
				PRODUCT_BUNDLE_IDENTIFIER = "SENSARO.WATCH-CREWBOSS-Watch-AppTests";
				PRODUCT_NAME = "$(TARGET_NAME)";
				SDKROOT = watchos;
				SWIFT_EMIT_LOC_STRINGS = NO;
				SWIFT_VERSION = 5.0;
				TARGETED_DEVICE_FAMILY = 4;
				TEST_HOST = "$(BUILT_PRODUCTS_DIR)/WATCH-CREWBOSS Watch App.app/$(BUNDLE_EXECUTABLE_FOLDER_PATH)/WATCH-CREWBOSS Watch App";
				WATCHOS_DEPLOYMENT_TARGET = 11.5;
			};
			name = Release;
		};
		7A4136C12F82E66F005940E0 /* Debug */ = {
			isa = XCBuildConfiguration;
			buildSettings = {
				CODE_SIGN_STYLE = Automatic;
				CURRENT_PROJECT_VERSION = 1;
				DEVELOPMENT_TEAM = 9HJ53KLL68;
				GENERATE_INFOPLIST_FILE = YES;
				MARKETING_VERSION = 1.0;
				PRODUCT_BUNDLE_IDENTIFIER = "SENSARO.WATCH-CREWBOSS-Watch-AppUITests";
				PRODUCT_NAME = "$(TARGET_NAME)";
				SDKROOT = watchos;
				SWIFT_EMIT_LOC_STRINGS = NO;
				SWIFT_VERSION = 5.0;
				TARGETED_DEVICE_FAMILY = 4;
				TEST_TARGET_NAME = "WATCH-CREWBOSS Watch App";
				WATCHOS_DEPLOYMENT_TARGET = 11.5;
			};
			name = Debug;
		};
		7A4136C22F82E66F005940E0 /* Release */ = {
			isa = XCBuildConfiguration;
			buildSettings = {
				CODE_SIGN_STYLE = Automatic;
				CURRENT_PROJECT_VERSION = 1;
				DEVELOPMENT_TEAM = 9HJ53KLL68;
				GENERATE_INFOPLIST_FILE = YES;
				MARKETING_VERSION = 1.0;
				PRODUCT_BUNDLE_IDENTIFIER = "SENSARO.WATCH-CREWBOSS-Watch-AppUITests";
				PRODUCT_NAME = "$(TARGET_NAME)";
				SDKROOT = watchos;
				SWIFT_EMIT_LOC_STRINGS = NO;
				SWIFT_VERSION = 5.0;
				TARGETED_DEVICE_FAMILY = 4;
				TEST_TARGET_NAME = "WATCH-CREWBOSS Watch App";
				WATCHOS_DEPLOYMENT_TARGET = 11.5;
			};
			name = Release;
		};
/* End XCBuildConfiguration section */

/* Begin XCConfigurationList section */
		7A4135F82F8177BC005940E0 /* Build configuration list for PBXProject "CREWBOSS" */ = {
			isa = XCConfigurationList;
			buildConfigurations = (
				7A41361E2F8177BF005940E0 /* Debug */,
				7A41361F2F8177BF005940E0 /* Release */,
			);
			defaultConfigurationIsVisible = 0;
			defaultConfigurationName = Release;
		};
		7A4136202F8177BF005940E0 /* Build configuration list for PBXNativeTarget "CREWBOSS" */ = {
			isa = XCConfigurationList;
			buildConfigurations = (
				7A4136212F8177BF005940E0 /* Debug */,
				7A4136222F8177BF005940E0 /* Release */,
			);
			defaultConfigurationIsVisible = 0;
			defaultConfigurationName = Release;
		};
		7A4136232F8177BF005940E0 /* Build configuration list for PBXNativeTarget "CREWBOSSTests" */ = {
			isa = XCConfigurationList;
			buildConfigurations = (
				7A4136242F8177BF005940E0 /* Debug */,
				7A4136252F8177BF005940E0 /* Release */,
			);
			defaultConfigurationIsVisible = 0;
			defaultConfigurationName = Release;
		};
		7A4136262F8177BF005940E0 /* Build configuration list for PBXNativeTarget "CREWBOSSUITests" */ = {
			isa = XCConfigurationList;
			buildConfigurations = (
				7A4136272F8177BF005940E0 /* Debug */,
				7A4136282F8177BF005940E0 /* Release */,
			);
			defaultConfigurationIsVisible = 0;
			defaultConfigurationName = Release;
		};
		7A4136C32F82E66F005940E0 /* Build configuration list for PBXNativeTarget "WATCH-CREWBOSS Watch App" */ = {
			isa = XCConfigurationList;
			buildConfigurations = (
				7A4136BD2F82E66F005940E0 /* Debug */,
				7A4136BE2F82E66F005940E0 /* Release */,
			);
			defaultConfigurationIsVisible = 0;
			defaultConfigurationName = Release;
		};
		7A4136C42F82E66F005940E0 /* Build configuration list for PBXNativeTarget "WATCH-CREWBOSS Watch AppTests" */ = {
			isa = XCConfigurationList;
			buildConfigurations = (
				7A4136BF2F82E66F005940E0 /* Debug */,
				7A4136C02F82E66F005940E0 /* Release */,
			);
			defaultConfigurationIsVisible = 0;
			defaultConfigurationName = Release;
		};
		7A4136C52F82E66F005940E0 /* Build configuration list for PBXNativeTarget "WATCH-CREWBOSS Watch AppUITests" */ = {
			isa = XCConfigurationList;
			buildConfigurations = (
				7A4136C12F82E66F005940E0 /* Debug */,
				7A4136C22F82E66F005940E0 /* Release */,
			);
			defaultConfigurationIsVisible = 0;
			defaultConfigurationName = Release;
		};
/* End XCConfigurationList section */
	};
	rootObject = 7A4135F52F8177BC005940E0 /* Project object */;
}
